
Microsoft Visual Studio Solution File, Format Version 12.00
# Visual Studio Version 17
VisualStudioVersion = 17.0.31912.275
MinimumVisualStudioVersion = 10.0.40219.1
Project("{9A19103F-16F7-4668-BE54-9A1E7A4F7556}") = "HomeWorl_03", "HomeWorl_03\HomeWorl_03.csproj", "{C6CADC20-A5A2-499A-B81F-4E91668EE541}"
EndProject
Project("{9A19103F-16F7-4668-BE54-9A1E7A4F7556}") = "HomeWork_04", "HomeWork_04\HomeWork_04.csproj", "{7C1538EC-5CC6-450A-8DD4-83C7A2669E5B}"
EndProject
Project("{9A19103F-16F7-4668-BE54-9A1E7A4F7556}") = "Homework_05", "Homework_05\Homework_05.csproj", "{A1930FF5-E8BA-436D-851C-EE613240E144}"
EndProject
Project("{9A19103F-16F7-4668-BE54-9A1E7A4F7556}") = "HomeWork_06", "HomeWork_06\HomeWork_06.csproj", "{52E3CCCC-74CA-487E-A3C6-96A8389CFD5F}"
EndProject
Project("{9A19103F-16F7-4668-BE54-9A1E7A4F7556}") = "HomeWorkBYDelegatAndEvent", "HomeWorkBYDelegatAndEvent\HomeWorkBYDelegatAndEvent.csproj", "{939A58A5-B4C2-4F92-B57C-27B4ECFF3F0E}"
EndProject
Project("{9A19103F-16F7-4668-BE54-9A1E7A4F7556}") = "HomeWorkAttribute", "HomeWorkAttribute\HomeWorkAttribute.csproj", "{11ADCCDD-5B84-409F-B4C3-F530AB053B1A}"
EndProject
Project("{9A19103F-16F7-4668-BE54-9A1E7A4F7556}") = "HomeWorkObsolete", "HomeWorkObsolete\HomeWorkObsolete.csproj", "{FCD56EC1-E6C2-4F73-A4E2-6F6CC4F9B705}"
EndProject
Project("{9A19103F-16F7-4668-BE54-9A1E7A4F7556}") = "HomeWorkTimer", "HomeWorkTimer\HomeWorkTimer.csproj", "{3643B9FF-DE01-43D9-9A27-0E5E6DD6201A}"
EndProject
Project("{9A19103F-16F7-4668-BE54-9A1E7A4F7556}") = "MyDictionary", "MyDictionary\MyDictionary.csproj", "{06B3EB8B-9C6B-41CB-8623-C9BC2D848548}"
EndProject
Project("{9A19103F-16F7-4668-BE54-9A1E7A4F7556}") = "MyDictionaryTwo", "MyDictionaryTwo\MyDictionaryTwo.csproj", "{78EA7B60-24E6-42E8-B9F6-A5C0480FE927}"
EndProject
Project("{9A19103F-16F7-4668-BE54-9A1E7A4F7556}") = "SerializationAndDeserializationExample", "SerializationAndDeserializationExample\SerializationAndDeserializationExample.csproj", "{51D1E1F7-9A03-4946-B499-C435CCCC2AEC}"
EndProject
Project("{FAE04EC0-301F-11D3-BF4B-00C04F79EFBC}") = "HomeWorkWebApp", "HomeWorkWebApp\HomeWorkWebApp.csproj", "{FECF4F97-AC21-41CB-88D5-4D4F4DB35000}"
EndProject
Global
	GlobalSection(SolutionConfigurationPlatforms) = preSolution
		Debug|Any CPU = Debug|Any CPU
		Release|Any CPU = Release|Any CPU
	EndGlobalSection
	GlobalSection(ProjectConfigurationPlatforms) = postSolution
		{C6CADC20-A5A2-499A-B81F-4E91668EE541}.Debug|Any CPU.ActiveCfg = Debug|Any CPU
		{C6CADC20-A5A2-499A-B81F-4E91668EE541}.Debug|Any CPU.Build.0 = Debug|Any CPU
		{C6CADC20-A5A2-499A-B81F-4E91668EE541}.Release|Any CPU.ActiveCfg = Release|Any CPU
		{C6CADC20-A5A2-499A-B81F-4E91668EE541}.Release|Any CPU.Build.0 = Release|Any CPU
		{7C1538EC-5CC6-450A-8DD4-83C7A2669E5B}.Debug|Any CPU.ActiveCfg = Debug|Any CPU
		{7C1538EC-5CC6-450A-8DD4-83C7A2669E5B}.Debug|Any CPU.Build.0 = Debug|Any CPU
		{7C1538EC-5CC6-450A-8DD4-83C7A2669E5B}.Release|Any CPU.ActiveCfg = Release|Any CPU
		{7C1538EC-5CC6-450A-8DD4-83C7A2669E5B}.Release|Any CPU.Build.0 = Release|Any CPU
		{A1930FF5-E8BA-436D-851C-EE613240E144}.Debug|Any CPU.ActiveCfg = Debug|Any CPU
		{A1930FF5-E8BA-436D-851C-EE613240E144}.Debug|Any CPU.Build.0 = Debug|Any CPU
		{A1930FF5-E8BA-436D-851C-EE613240E144}.Release|Any CPU.ActiveCfg = Release|Any CPU
		{A1930FF5-E8BA-436D-851C-EE613240E144}.Release|Any CPU.Build.0 = Release|Any CPU
		{52E3CCCC-74CA-487E-A3C6-96A8389CFD5F}.Debug|Any CPU.ActiveCfg = Debug|Any CPU
		{52E3CCCC-74CA-487E-A3C6-96A8389CFD5F}.Debug|Any CPU.Build.0 = Debug|Any CPU
		{52E3CCCC-74CA-487E-A3C6-96A8389CFD5F}.Release|Any CPU.ActiveCfg = Release|Any CPU
		{52E3CCCC-74CA-487E-A3C6-96A8389CFD5F}.Release|Any CPU.Build.0 = Release|Any CPU
		{939A58A5-B4C2-4F92-B57C-27B4ECFF3F0E}.Debug|Any CPU.ActiveCfg = Debug|Any CPU
		{939A58A5-B4C2-4F92-B57C-27B4ECFF3F0E}.Debug|Any CPU.Build.0 = Debug|Any CPU
		{939A58A5-B4C2-4F92-B57C-27B4ECFF3F0E}.Release|Any CPU.ActiveCfg = Release|Any CPU
		{939A58A5-B4C2-4F92-B57C-27B4ECFF3F0E}.Release|Any CPU.Build.0 = Release|Any CPU
		{11ADCCDD-5B84-409F-B4C3-F530AB053B1A}.Debug|Any CPU.ActiveCfg = Debug|Any CPU
		{11ADCCDD-5B84-409F-B4C3-F530AB053B1A}.Debug|Any CPU.Build.0 = Debug|Any CPU
		{11ADCCDD-5B84-409F-B4C3-F530AB053B1A}.Release|Any CPU.ActiveCfg = Release|Any CPU
		{11ADCCDD-5B84-409F-B4C3-F530AB053B1A}.Release|Any CPU.Build.0 = Release|Any CPU
		{FCD56EC1-E6C2-4F73-A4E2-6F6CC4F9B705}.Debug|Any CPU.ActiveCfg = Debug|Any CPU
		{FCD56EC1-E6C2-4F73-A4E2-6F6CC4F9B705}.Debug|Any CPU.Build.0 = Debug|Any CPU
		{FCD56EC1-E6C2-4F73-A4E2-6F6CC4F9B705}.Release|Any CPU.ActiveCfg = Release|Any CPU
		{FCD56EC1-E6C2-4F73-A4E2-6F6CC4F9B705}.Release|Any CPU.Build.0 = Release|Any CPU
		{3643B9FF-DE01-43D9-9A27-0E5E6DD6201A}.Debug|Any CPU.ActiveCfg = Debug|Any CPU
		{3643B9FF-DE01-43D9-9A27-0E5E6DD6201A}.Debug|Any CPU.Build.0 = Debug|Any CPU
		{3643B9FF-DE01-43D9-9A27-0E5E6DD6201A}.Release|Any CPU.ActiveCfg = Release|Any CPU
		{3643B9FF-DE01-43D9-9A27-0E5E6DD6201A}.Release|Any CPU.Build.0 = Release|Any CPU
		{06B3EB8B-9C6B-41CB-8623-C9BC2D848548}.Debug|Any CPU.ActiveCfg = Debug|Any CPU
		{06B3EB8B-9C6B-41CB-8623-C9BC2D848548}.Debug|Any CPU.Build.0 = Debug|Any CPU
		{06B3EB8B-9C6B-41CB-8623-C9BC2D848548}.Release|Any CPU.ActiveCfg = Release|Any CPU
		{06B3EB8B-9C6B-41CB-8623-C9BC2D848548}.Release|Any CPU.Build.0 = Release|Any CPU
		{78EA7B60-24E6-42E8-B9F6-A5C0480FE927}.Debug|Any CPU.ActiveCfg = Debug|Any CPU
		{78EA7B60-24E6-42E8-B9F6-A5C0480FE927}.Debug|Any CPU.Build.0 = Debug|Any CPU
		{78EA7B60-24E6-42E8-B9F6-A5C0480FE927}.Release|Any CPU.ActiveCfg = Release|Any CPU
		{78EA7B60-24E6-42E8-B9F6-A5C0480FE927}.Release|Any CPU.Build.0 = Release|Any CPU
		{51D1E1F7-9A03-4946-B499-C435CCCC2AEC}.Debug|Any CPU.ActiveCfg = Debug|Any CPU
		{51D1E1F7-9A03-4946-B499-C435CCCC2AEC}.Debug|Any CPU.Build.0 = Debug|Any CPU
		{51D1E1F7-9A03-4946-B499-C435CCCC2AEC}.Release|Any CPU.ActiveCfg = Release|Any CPU
		{51D1E1F7-9A03-4946-B499-C435CCCC2AEC}.Release|Any CPU.Build.0 = Release|Any CPU
		{FECF4F97-AC21-41CB-88D5-4D4F4DB35000}.Debug|Any CPU.ActiveCfg = Debug|Any CPU
		{FECF4F97-AC21-41CB-88D5-4D4F4DB35000}.Debug|Any CPU.Build.0 = Debug|Any CPU
		{FECF4F97-AC21-41CB-88D5-4D4F4DB35000}.Release|Any CPU.ActiveCfg = Release|Any CPU
		{FECF4F97-AC21-41CB-88D5-4D4F4DB35000}.Release|Any CPU.Build.0 = Release|Any CPU
	EndGlobalSection
	GlobalSection(SolutionProperties) = preSolution
		HideSolutionNode = FALSE
	EndGlobalSection
	GlobalSection(ExtensibilityGlobals) = postSolution
		SolutionGuid = {AE385035-2DBC-4028-AA42-60CB3437E5DD}
	EndGlobalSection
EndGlobal
