
Microsoft Visual Studio Solution File, Format Version 12.00
# Visual Studio Version 17
VisualStudioVersion = 17.0.31912.275
MinimumVisualStudioVersion = 10.0.40219.1
Project("{9A19103F-16F7-4668-BE54-9A1E7A4F7556}") = "HomeWorl_03", "HomeWorl_03\HomeWorl_03.csproj", "{C6CADC20-A5A2-499A-B81F-4E91668EE541}"
EndProject
Project("{9A19103F-16F7-4668-BE54-9A1E7A4F7556}") = "HomeWork_04", "HomeWork_04\HomeWork_04.csproj", "{7C1538EC-5CC6-450A-8DD4-83C7A2669E5B}"
EndProject
Project("{9A19103F-16F7-4668-BE54-9A1E7A4F7556}") = "Homework_05", "Homework_05\Homework_05.csproj", "{A1930FF5-E8BA-436D-851C-EE613240E144}"
EndProject
Global
	GlobalSection(SolutionConfigurationPlatforms) = preSolution
		Debug|Any CPU = Debug|Any CPU
		Release|Any CPU = Release|Any CPU
	EndGlobalSection
	GlobalSection(ProjectConfigurationPlatforms) = postSolution
		{C6CADC20-A5A2-499A-B81F-4E91668EE541}.Debug|Any CPU.ActiveCfg = Debug|Any CPU
		{C6CADC20-A5A2-499A-B81F-4E91668EE541}.Debug|Any CPU.Build.0 = Debug|Any CPU
		{C6CADC20-A5A2-499A-B81F-4E91668EE541}.Release|Any CPU.ActiveCfg = Release|Any CPU
		{C6CADC20-A5A2-499A-B81F-4E91668EE541}.Release|Any CPU.Build.0 = Release|Any CPU
		{7C1538EC-5CC6-450A-8DD4-83C7A2669E5B}.Debug|Any CPU.ActiveCfg = Debug|Any CPU
		{7C1538EC-5CC6-450A-8DD4-83C7A2669E5B}.Debug|Any CPU.Build.0 = Debug|Any CPU
		{7C1538EC-5CC6-450A-8DD4-83C7A2669E5B}.Release|Any CPU.ActiveCfg = Release|Any CPU
		{7C1538EC-5CC6-450A-8DD4-83C7A2669E5B}.Release|Any CPU.Build.0 = Release|Any CPU
		{A1930FF5-E8BA-436D-851C-EE613240E144}.Debug|Any CPU.ActiveCfg = Debug|Any CPU
		{A1930FF5-E8BA-436D-851C-EE613240E144}.Debug|Any CPU.Build.0 = Debug|Any CPU
		{A1930FF5-E8BA-436D-851C-EE613240E144}.Release|Any CPU.ActiveCfg = Release|Any CPU
		{A1930FF5-E8BA-436D-851C-EE613240E144}.Release|Any CPU.Build.0 = Release|Any CPU
	EndGlobalSection
	GlobalSection(SolutionProperties) = preSolution
		HideSolutionNode = FALSE
	EndGlobalSection
	GlobalSection(ExtensibilityGlobals) = postSolution
		SolutionGuid = {AE385035-2DBC-4028-AA42-60CB3437E5DD}
	EndGlobalSection
EndGlobal
